// !$*UTF8*$!
{
	archiveVersion = 1;
	classes = {
	};
	objectVersion = 56;
	objects = {

/* Begin PBXBuildFile section */
		5C3D7F462AF3D8DA0033B8D2 /* MainTabView.swift in Sources */ = {isa = PBXBuildFile; fileRef = 5C3D7F452AF3D8DA0033B8D2 /* MainTabView.swift */; };
		5C3D7F492AF3DF7C0033B8D2 /* ProfileView.swift in Sources */ = {isa = PBXBuildFile; fileRef = 5C3D7F482AF3DF7C0033B8D2 /* ProfileView.swift */; };
		5C6C4FEA2AE1616800233391 /* StudyFun_SwiftUIApp.swift in Sources */ = {isa = PBXBuildFile; fileRef = 5C6C4FE92AE1616800233391 /* StudyFun_SwiftUIApp.swift */; };
		5C6C4FEC2AE1616800233391 /* CourseContentView.swift in Sources */ = {isa = PBXBuildFile; fileRef = 5C6C4FEB2AE1616800233391 /* CourseContentView.swift */; };
		5C6C4FEE2AE1616800233391 /* Assets.xcassets in Resources */ = {isa = PBXBuildFile; fileRef = 5C6C4FED2AE1616800233391 /* Assets.xcassets */; };
		5C6C4FF12AE1616800233391 /* Preview Assets.xcassets in Resources */ = {isa = PBXBuildFile; fileRef = 5C6C4FF02AE1616800233391 /* Preview Assets.xcassets */; };
		5C6C4FFE2AE166A000233391 /* Player.swift in Sources */ = {isa = PBXBuildFile; fileRef = 5C6C4FFD2AE166A000233391 /* Player.swift */; };
		5C6C50022AE18F4300233391 /* PlayerScrollView.swift in Sources */ = {isa = PBXBuildFile; fileRef = 5C6C50012AE18F4300233391 /* PlayerScrollView.swift */; };
		5C6C50042AE18F9500233391 /* PlayerView.swift in Sources */ = {isa = PBXBuildFile; fileRef = 5C6C50032AE18F9500233391 /* PlayerView.swift */; };
		5C6C50062AE18FCA00233391 /* VideoModel.swift in Sources */ = {isa = PBXBuildFile; fileRef = 5C6C50052AE18FCA00233391 /* VideoModel.swift */; };
		5C912F722AE7B62800AEBF4E /* QuizCompletedView.swift in Sources */ = {isa = PBXBuildFile; fileRef = 5C912F712AE7B62800AEBF4E /* QuizCompletedView.swift */; };
		5CC1E8FC2AFA2DE000AF69D5 /* Colors.swift in Sources */ = {isa = PBXBuildFile; fileRef = 5CC1E8FB2AFA2DE000AF69D5 /* Colors.swift */; };
		5CED260F2AE6A55B00DE647B /* QuizModel.swift in Sources */ = {isa = PBXBuildFile; fileRef = 5CED260E2AE6A55B00DE647B /* QuizModel.swift */; };
		5CED26152AE6A7C900DE647B /* QuizView.swift in Sources */ = {isa = PBXBuildFile; fileRef = 5CED26142AE6A7C900DE647B /* QuizView.swift */; };
		5CED26172AE6C76200DE647B /* QuizManagerVM.swift in Sources */ = {isa = PBXBuildFile; fileRef = 5CED26162AE6C76200DE647B /* QuizManagerVM.swift */; };
		5CED26192AE6C9E300DE647B /* OptionsGridView.swift in Sources */ = {isa = PBXBuildFile; fileRef = 5CED26182AE6C9E300DE647B /* OptionsGridView.swift */; };
		5CEE09302AEA60DE004A07A3 /* lesson3.mp4 in Resources */ = {isa = PBXBuildFile; fileRef = 5CEE092D2AEA60DE004A07A3 /* lesson3.mp4 */; };
		5CEE09312AEA60DE004A07A3 /* lesson2.mp4 in Resources */ = {isa = PBXBuildFile; fileRef = 5CEE092E2AEA60DE004A07A3 /* lesson2.mp4 */; };
		5CEE09322AEA60DE004A07A3 /* lesson1.mp4 in Resources */ = {isa = PBXBuildFile; fileRef = 5CEE092F2AEA60DE004A07A3 /* lesson1.mp4 */; };
		5CEE09362AEBC873004A07A3 /* HomeView.swift in Sources */ = {isa = PBXBuildFile; fileRef = 5CEE09352AEBC873004A07A3 /* HomeView.swift */; };
		5CEE09382AEBC90F004A07A3 /* LessonView.swift in Sources */ = {isa = PBXBuildFile; fileRef = 5CEE09372AEBC90F004A07A3 /* LessonView.swift */; };
		5CEE093A2AEBCD43004A07A3 /* CustomVideoPlayer.swift in Sources */ = {isa = PBXBuildFile; fileRef = 5CEE09392AEBCD43004A07A3 /* CustomVideoPlayer.swift */; };
		5CEE094A2AED2404004A07A3 /* MyCoursesView.swift in Sources */ = {isa = PBXBuildFile; fileRef = 5CEE09492AED2404004A07A3 /* MyCoursesView.swift */; };
		5CF7A53B2AF2542D00623A9C /* CourseModel.swift in Sources */ = {isa = PBXBuildFile; fileRef = 5CF7A53A2AF2542D00623A9C /* CourseModel.swift */; };
		5CF7A53D2AF25A9F00623A9C /* PodcastView.swift in Sources */ = {isa = PBXBuildFile; fileRef = 5CF7A53C2AF25A9F00623A9C /* PodcastView.swift */; };
/* End PBXBuildFile section */

/* Begin PBXFileReference section */
		5C3D7F452AF3D8DA0033B8D2 /* MainTabView.swift */ = {isa = PBXFileReference; lastKnownFileType = sourcecode.swift; path = MainTabView.swift; sourceTree = "<group>"; };
		5C3D7F482AF3DF7C0033B8D2 /* ProfileView.swift */ = {isa = PBXFileReference; lastKnownFileType = sourcecode.swift; path = ProfileView.swift; sourceTree = "<group>"; };
		5C6C4FE62AE1616800233391 /* StudyFun_SwiftUI.app */ = {isa = PBXFileReference; explicitFileType = wrapper.application; includeInIndex = 0; path = StudyFun_SwiftUI.app; sourceTree = BUILT_PRODUCTS_DIR; };
		5C6C4FE92AE1616800233391 /* StudyFun_SwiftUIApp.swift */ = {isa = PBXFileReference; lastKnownFileType = sourcecode.swift; path = StudyFun_SwiftUIApp.swift; sourceTree = "<group>"; };
		5C6C4FEB2AE1616800233391 /* CourseContentView.swift */ = {isa = PBXFileReference; lastKnownFileType = sourcecode.swift; path = CourseContentView.swift; sourceTree = "<group>"; };
		5C6C4FED2AE1616800233391 /* Assets.xcassets */ = {isa = PBXFileReference; lastKnownFileType = folder.assetcatalog; path = Assets.xcassets; sourceTree = "<group>"; };
		5C6C4FF02AE1616800233391 /* Preview Assets.xcassets */ = {isa = PBXFileReference; lastKnownFileType = folder.assetcatalog; path = "Preview Assets.xcassets"; sourceTree = "<group>"; };
		5C6C4FFD2AE166A000233391 /* Player.swift */ = {isa = PBXFileReference; lastKnownFileType = sourcecode.swift; path = Player.swift; sourceTree = "<group>"; };
		5C6C50012AE18F4300233391 /* PlayerScrollView.swift */ = {isa = PBXFileReference; lastKnownFileType = sourcecode.swift; path = PlayerScrollView.swift; sourceTree = "<group>"; };
		5C6C50032AE18F9500233391 /* PlayerView.swift */ = {isa = PBXFileReference; lastKnownFileType = sourcecode.swift; path = PlayerView.swift; sourceTree = "<group>"; };
		5C6C50052AE18FCA00233391 /* VideoModel.swift */ = {isa = PBXFileReference; lastKnownFileType = sourcecode.swift; path = VideoModel.swift; sourceTree = "<group>"; };
		5C912F712AE7B62800AEBF4E /* QuizCompletedView.swift */ = {isa = PBXFileReference; lastKnownFileType = sourcecode.swift; path = QuizCompletedView.swift; sourceTree = "<group>"; };
		5CC1E8FB2AFA2DE000AF69D5 /* Colors.swift */ = {isa = PBXFileReference; lastKnownFileType = sourcecode.swift; path = Colors.swift; sourceTree = "<group>"; };
		5CED260E2AE6A55B00DE647B /* QuizModel.swift */ = {isa = PBXFileReference; lastKnownFileType = sourcecode.swift; path = QuizModel.swift; sourceTree = "<group>"; };
		5CED26142AE6A7C900DE647B /* QuizView.swift */ = {isa = PBXFileReference; lastKnownFileType = sourcecode.swift; path = QuizView.swift; sourceTree = "<group>"; };
		5CED26162AE6C76200DE647B /* QuizManagerVM.swift */ = {isa = PBXFileReference; lastKnownFileType = sourcecode.swift; path = QuizManagerVM.swift; sourceTree = "<group>"; };
		5CED26182AE6C9E300DE647B /* OptionsGridView.swift */ = {isa = PBXFileReference; lastKnownFileType = sourcecode.swift; path = OptionsGridView.swift; sourceTree = "<group>"; };
		5CEE092D2AEA60DE004A07A3 /* lesson3.mp4 */ = {isa = PBXFileReference; lastKnownFileType = file; path = lesson3.mp4; sourceTree = "<group>"; };
		5CEE092E2AEA60DE004A07A3 /* lesson2.mp4 */ = {isa = PBXFileReference; lastKnownFileType = file; path = lesson2.mp4; sourceTree = "<group>"; };
		5CEE092F2AEA60DE004A07A3 /* lesson1.mp4 */ = {isa = PBXFileReference; lastKnownFileType = file; path = lesson1.mp4; sourceTree = "<group>"; };
		5CEE09352AEBC873004A07A3 /* HomeView.swift */ = {isa = PBXFileReference; lastKnownFileType = sourcecode.swift; path = HomeView.swift; sourceTree = "<group>"; };
		5CEE09372AEBC90F004A07A3 /* LessonView.swift */ = {isa = PBXFileReference; lastKnownFileType = sourcecode.swift; path = LessonView.swift; sourceTree = "<group>"; };
		5CEE09392AEBCD43004A07A3 /* CustomVideoPlayer.swift */ = {isa = PBXFileReference; lastKnownFileType = sourcecode.swift; path = CustomVideoPlayer.swift; sourceTree = "<group>"; };
		5CEE09492AED2404004A07A3 /* MyCoursesView.swift */ = {isa = PBXFileReference; lastKnownFileType = sourcecode.swift; path = MyCoursesView.swift; sourceTree = "<group>"; };
		5CF7A53A2AF2542D00623A9C /* CourseModel.swift */ = {isa = PBXFileReference; lastKnownFileType = sourcecode.swift; path = CourseModel.swift; sourceTree = "<group>"; };
		5CF7A53C2AF25A9F00623A9C /* PodcastView.swift */ = {isa = PBXFileReference; lastKnownFileType = sourcecode.swift; path = PodcastView.swift; sourceTree = "<group>"; };
/* End PBXFileReference section */

/* Begin PBXFrameworksBuildPhase section */
		5C6C4FE32AE1616800233391 /* Frameworks */ = {
			isa = PBXFrameworksBuildPhase;
			buildActionMask = 2147483647;
			files = (
			);
			runOnlyForDeploymentPostprocessing = 0;
		};
/* End PBXFrameworksBuildPhase section */

/* Begin PBXGroup section */
		5C3D7F472AF3DF5D0033B8D2 /* ProfilePage */ = {
			isa = PBXGroup;
			children = (
				5C3D7F482AF3DF7C0033B8D2 /* ProfileView.swift */,
			);
			name = ProfilePage;
			sourceTree = "<group>";
		};
		5C6C4FDD2AE1616700233391 = {
			isa = PBXGroup;
			children = (
				5C6C4FE82AE1616800233391 /* StudyFun_SwiftUI */,
				5C6C4FE72AE1616800233391 /* Products */,
			);
			sourceTree = "<group>";
		};
		5C6C4FE72AE1616800233391 /* Products */ = {
			isa = PBXGroup;
			children = (
				5C6C4FE62AE1616800233391 /* StudyFun_SwiftUI.app */,
			);
			name = Products;
			sourceTree = "<group>";
		};
		5C6C4FE82AE1616800233391 /* StudyFun_SwiftUI */ = {
			isa = PBXGroup;
			children = (
				5CEE092F2AEA60DE004A07A3 /* lesson1.mp4 */,
				5CEE092E2AEA60DE004A07A3 /* lesson2.mp4 */,
				5CEE092D2AEA60DE004A07A3 /* lesson3.mp4 */,
				5CED26132AE6A7A500DE647B /* Misc */,
				5CED26122AE6A77400DE647B /* ViewModel */,
				5CED26112AE6A76900DE647B /* Views */,
				5CED26102AE6A74B00DE647B /* Model */,
				5C6C4FEF2AE1616800233391 /* Preview Content */,
			);
			path = StudyFun_SwiftUI;
			sourceTree = "<group>";
		};
		5C6C4FEF2AE1616800233391 /* Preview Content */ = {
			isa = PBXGroup;
			children = (
				5C6C4FF02AE1616800233391 /* Preview Assets.xcassets */,
			);
			path = "Preview Content";
			sourceTree = "<group>";
		};
		5CED26102AE6A74B00DE647B /* Model */ = {
			isa = PBXGroup;
			children = (
				5C6C50052AE18FCA00233391 /* VideoModel.swift */,
				5CED260E2AE6A55B00DE647B /* QuizModel.swift */,
				5CF7A53A2AF2542D00623A9C /* CourseModel.swift */,
				5CC1E8FB2AFA2DE000AF69D5 /* Colors.swift */,
			);
			path = Model;
			sourceTree = "<group>";
		};
		5CED26112AE6A76900DE647B /* Views */ = {
			isa = PBXGroup;
			children = (
				5C3D7F472AF3DF5D0033B8D2 /* ProfilePage */,
				5CF7A5402AF2714300623A9C /* Menu */,
				5CF7A53F2AF2712100623A9C /* QuizContent */,
				5CF7A53E2AF270CC00623A9C /* CourseContent */,
				5C3D7F452AF3D8DA0033B8D2 /* MainTabView.swift */,
			);
			path = Views;
			sourceTree = "<group>";
		};
		5CED26122AE6A77400DE647B /* ViewModel */ = {
			isa = PBXGroup;
			children = (
				5C6C4FFD2AE166A000233391 /* Player.swift */,
				5CED26162AE6C76200DE647B /* QuizManagerVM.swift */,
			);
			path = ViewModel;
			sourceTree = "<group>";
		};
		5CED26132AE6A7A500DE647B /* Misc */ = {
			isa = PBXGroup;
			children = (
				5C6C4FE92AE1616800233391 /* StudyFun_SwiftUIApp.swift */,
				5C6C4FED2AE1616800233391 /* Assets.xcassets */,
			);
			path = Misc;
			sourceTree = "<group>";
		};
		5CF7A53E2AF270CC00623A9C /* CourseContent */ = {
			isa = PBXGroup;
			children = (
				5CEE09392AEBCD43004A07A3 /* CustomVideoPlayer.swift */,
				5C6C50032AE18F9500233391 /* PlayerView.swift */,
				5C6C50012AE18F4300233391 /* PlayerScrollView.swift */,
				5C6C4FEB2AE1616800233391 /* CourseContentView.swift */,
			);
			name = CourseContent;
			sourceTree = "<group>";
		};
		5CF7A53F2AF2712100623A9C /* QuizContent */ = {
			isa = PBXGroup;
			children = (
				5C912F712AE7B62800AEBF4E /* QuizCompletedView.swift */,
				5CED26182AE6C9E300DE647B /* OptionsGridView.swift */,
				5CED26142AE6A7C900DE647B /* QuizView.swift */,
			);
			name = QuizContent;
			sourceTree = "<group>";
		};
		5CF7A5402AF2714300623A9C /* Menu */ = {
			isa = PBXGroup;
			children = (
				5CEE09492AED2404004A07A3 /* MyCoursesView.swift */,
				5CF7A53C2AF25A9F00623A9C /* PodcastView.swift */,
				5CEE09352AEBC873004A07A3 /* HomeView.swift */,
				5CEE09372AEBC90F004A07A3 /* LessonView.swift */,
			);
			name = Menu;
			sourceTree = "<group>";
		};
/* End PBXGroup section */

/* Begin PBXNativeTarget section */
		5C6C4FE52AE1616800233391 /* StudyFun_SwiftUI */ = {
			isa = PBXNativeTarget;
			buildConfigurationList = 5C6C4FF42AE1616800233391 /* Build configuration list for PBXNativeTarget "StudyFun_SwiftUI" */;
			buildPhases = (
				5C6C4FE22AE1616800233391 /* Sources */,
				5C6C4FE32AE1616800233391 /* Frameworks */,
				5C6C4FE42AE1616800233391 /* Resources */,
			);
			buildRules = (
			);
			dependencies = (
			);
			name = StudyFun_SwiftUI;
			productName = StudyFun_SwiftUI;
			productReference = 5C6C4FE62AE1616800233391 /* StudyFun_SwiftUI.app */;
			productType = "com.apple.product-type.application";
		};
/* End PBXNativeTarget section */

/* Begin PBXProject section */
		5C6C4FDE2AE1616700233391 /* Project object */ = {
			isa = PBXProject;
			attributes = {
				BuildIndependentTargetsInParallel = 1;
				LastSwiftUpdateCheck = 1410;
				LastUpgradeCheck = 1410;
				TargetAttributes = {
					5C6C4FE52AE1616800233391 = {
						CreatedOnToolsVersion = 14.1;
					};
				};
			};
			buildConfigurationList = 5C6C4FE12AE1616700233391 /* Build configuration list for PBXProject "StudyFun_SwiftUI" */;
			compatibilityVersion = "Xcode 14.0";
			developmentRegion = en;
			hasScannedForEncodings = 0;
			knownRegions = (
				en,
				Base,
			);
			mainGroup = 5C6C4FDD2AE1616700233391;
			productRefGroup = 5C6C4FE72AE1616800233391 /* Products */;
			projectDirPath = "";
			projectRoot = "";
			targets = (
				5C6C4FE52AE1616800233391 /* StudyFun_SwiftUI */,
			);
		};
/* End PBXProject section */

/* Begin PBXResourcesBuildPhase section */
		5C6C4FE42AE1616800233391 /* Resources */ = {
			isa = PBXResourcesBuildPhase;
			buildActionMask = 2147483647;
			files = (
				5CEE09312AEA60DE004A07A3 /* lesson2.mp4 in Resources */,
				5C6C4FF12AE1616800233391 /* Preview Assets.xcassets in Resources */,
				5CEE09322AEA60DE004A07A3 /* lesson1.mp4 in Resources */,
				5CEE09302AEA60DE004A07A3 /* lesson3.mp4 in Resources */,
				5C6C4FEE2AE1616800233391 /* Assets.xcassets in Resources */,
			);
			runOnlyForDeploymentPostprocessing = 0;
		};
/* End PBXResourcesBuildPhase section */

/* Begin PBXSourcesBuildPhase section */
		5C6C4FE22AE1616800233391 /* Sources */ = {
			isa = PBXSourcesBuildPhase;
			buildActionMask = 2147483647;
			files = (
				5C6C50022AE18F4300233391 /* PlayerScrollView.swift in Sources */,
				5CC1E8FC2AFA2DE000AF69D5 /* Colors.swift in Sources */,
				5C6C50062AE18FCA00233391 /* VideoModel.swift in Sources */,
				5C6C4FEC2AE1616800233391 /* CourseContentView.swift in Sources */,
				5CED26192AE6C9E300DE647B /* OptionsGridView.swift in Sources */,
				5CEE09382AEBC90F004A07A3 /* LessonView.swift in Sources */,
				5C6C4FFE2AE166A000233391 /* Player.swift in Sources */,
				5C6C50042AE18F9500233391 /* PlayerView.swift in Sources */,
				5CEE094A2AED2404004A07A3 /* MyCoursesView.swift in Sources */,
				5CEE093A2AEBCD43004A07A3 /* CustomVideoPlayer.swift in Sources */,
				5CED26152AE6A7C900DE647B /* QuizView.swift in Sources */,
				5CED26172AE6C76200DE647B /* QuizManagerVM.swift in Sources */,
				5C3D7F462AF3D8DA0033B8D2 /* MainTabView.swift in Sources */,
				5C912F722AE7B62800AEBF4E /* QuizCompletedView.swift in Sources */,
				5CF7A53D2AF25A9F00623A9C /* PodcastView.swift in Sources */,
				5CED260F2AE6A55B00DE647B /* QuizModel.swift in Sources */,
				5CEE09362AEBC873004A07A3 /* HomeView.swift in Sources */,
				5C3D7F492AF3DF7C0033B8D2 /* ProfileView.swift in Sources */,
				5CF7A53B2AF2542D00623A9C /* CourseModel.swift in Sources */,
				5C6C4FEA2AE1616800233391 /* StudyFun_SwiftUIApp.swift in Sources */,
			);
			runOnlyForDeploymentPostprocessing = 0;
		};
/* End PBXSourcesBuildPhase section */

/* Begin XCBuildConfiguration section */
		5C6C4FF22AE1616800233391 /* Debug */ = {
			isa = XCBuildConfiguration;
			buildSettings = {
				ALWAYS_SEARCH_USER_PATHS = NO;
				CLANG_ANALYZER_NONNULL = YES;
				CLANG_ANALYZER_NUMBER_OBJECT_CONVERSION = YES_AGGRESSIVE;
				CLANG_CXX_LANGUAGE_STANDARD = "gnu++20";
				CLANG_ENABLE_MODULES = YES;
				CLANG_ENABLE_OBJC_ARC = YES;
				CLANG_ENABLE_OBJC_WEAK = YES;
				CLANG_WARN_BLOCK_CAPTURE_AUTORELEASING = YES;
				CLANG_WARN_BOOL_CONVERSION = YES;
				CLANG_WARN_COMMA = YES;
				CLANG_WARN_CONSTANT_CONVERSION = YES;
				CLANG_WARN_DEPRECATED_OBJC_IMPLEMENTATIONS = YES;
				CLANG_WARN_DIRECT_OBJC_ISA_USAGE = YES_ERROR;
				CLANG_WARN_DOCUMENTATION_COMMENTS = YES;
				CLANG_WARN_EMPTY_BODY = YES;
				CLANG_WARN_ENUM_CONVERSION = YES;
				CLANG_WARN_INFINITE_RECURSION = YES;
				CLANG_WARN_INT_CONVERSION = YES;
				CLANG_WARN_NON_LITERAL_NULL_CONVERSION = YES;
				CLANG_WARN_OBJC_IMPLICIT_RETAIN_SELF = YES;
				CLANG_WARN_OBJC_LITERAL_CONVERSION = YES;
				CLANG_WARN_OBJC_ROOT_CLASS = YES_ERROR;
				CLANG_WARN_QUOTED_INCLUDE_IN_FRAMEWORK_HEADER = YES;
				CLANG_WARN_RANGE_LOOP_ANALYSIS = YES;
				CLANG_WARN_STRICT_PROTOTYPES = YES;
				CLANG_WARN_SUSPICIOUS_MOVE = YES;
				CLANG_WARN_UNGUARDED_AVAILABILITY = YES_AGGRESSIVE;
				CLANG_WARN_UNREACHABLE_CODE = YES;
				CLANG_WARN__DUPLICATE_METHOD_MATCH = YES;
				COPY_PHASE_STRIP = NO;
				DEBUG_INFORMATION_FORMAT = dwarf;
				ENABLE_STRICT_OBJC_MSGSEND = YES;
				ENABLE_TESTABILITY = YES;
				GCC_C_LANGUAGE_STANDARD = gnu11;
				GCC_DYNAMIC_NO_PIC = NO;
				GCC_NO_COMMON_BLOCKS = YES;
				GCC_OPTIMIZATION_LEVEL = 0;
				GCC_PREPROCESSOR_DEFINITIONS = (
					"DEBUG=1",
					"$(inherited)",
				);
				GCC_WARN_64_TO_32_BIT_CONVERSION = YES;
				GCC_WARN_ABOUT_RETURN_TYPE = YES_ERROR;
				GCC_WARN_UNDECLARED_SELECTOR = YES;
				GCC_WARN_UNINITIALIZED_AUTOS = YES_AGGRESSIVE;
				GCC_WARN_UNUSED_FUNCTION = YES;
				GCC_WARN_UNUSED_VARIABLE = YES;
				IPHONEOS_DEPLOYMENT_TARGET = 14.0;
				MTL_ENABLE_DEBUG_INFO = INCLUDE_SOURCE;
				MTL_FAST_MATH = YES;
				ONLY_ACTIVE_ARCH = YES;
				SDKROOT = iphoneos;
				SWIFT_ACTIVE_COMPILATION_CONDITIONS = DEBUG;
				SWIFT_OPTIMIZATION_LEVEL = "-Onone";
			};
			name = Debug;
		};
		5C6C4FF32AE1616800233391 /* Release */ = {
			isa = XCBuildConfiguration;
			buildSettings = {
				ALWAYS_SEARCH_USER_PATHS = NO;
				CLANG_ANALYZER_NONNULL = YES;
				CLANG_ANALYZER_NUMBER_OBJECT_CONVERSION = YES_AGGRESSIVE;
				CLANG_CXX_LANGUAGE_STANDARD = "gnu++20";
				CLANG_ENABLE_MODULES = YES;
				CLANG_ENABLE_OBJC_ARC = YES;
				CLANG_ENABLE_OBJC_WEAK = YES;
				CLANG_WARN_BLOCK_CAPTURE_AUTORELEASING = YES;
				CLANG_WARN_BOOL_CONVERSION = YES;
				CLANG_WARN_COMMA = YES;
				CLANG_WARN_CONSTANT_CONVERSION = YES;
				CLANG_WARN_DEPRECATED_OBJC_IMPLEMENTATIONS = YES;
				CLANG_WARN_DIRECT_OBJC_ISA_USAGE = YES_ERROR;
				CLANG_WARN_DOCUMENTATION_COMMENTS = YES;
				CLANG_WARN_EMPTY_BODY = YES;
				CLANG_WARN_ENUM_CONVERSION = YES;
				CLANG_WARN_INFINITE_RECURSION = YES;
				CLANG_WARN_INT_CONVERSION = YES;
				CLANG_WARN_NON_LITERAL_NULL_CONVERSION = YES;
				CLANG_WARN_OBJC_IMPLICIT_RETAIN_SELF = YES;
				CLANG_WARN_OBJC_LITERAL_CONVERSION = YES;
				CLANG_WARN_OBJC_ROOT_CLASS = YES_ERROR;
				CLANG_WARN_QUOTED_INCLUDE_IN_FRAMEWORK_HEADER = YES;
				CLANG_WARN_RANGE_LOOP_ANALYSIS = YES;
				CLANG_WARN_STRICT_PROTOTYPES = YES;
				CLANG_WARN_SUSPICIOUS_MOVE = YES;
				CLANG_WARN_UNGUARDED_AVAILABILITY = YES_AGGRESSIVE;
				CLANG_WARN_UNREACHABLE_CODE = YES;
				CLANG_WARN__DUPLICATE_METHOD_MATCH = YES;
				COPY_PHASE_STRIP = NO;
				DEBUG_INFORMATION_FORMAT = "dwarf-with-dsym";
				ENABLE_NS_ASSERTIONS = NO;
				ENABLE_STRICT_OBJC_MSGSEND = YES;
				GCC_C_LANGUAGE_STANDARD = gnu11;
				GCC_NO_COMMON_BLOCKS = YES;
				GCC_WARN_64_TO_32_BIT_CONVERSION = YES;
				GCC_WARN_ABOUT_RETURN_TYPE = YES_ERROR;
				GCC_WARN_UNDECLARED_SELECTOR = YES;
				GCC_WARN_UNINITIALIZED_AUTOS = YES_AGGRESSIVE;
				GCC_WARN_UNUSED_FUNCTION = YES;
				GCC_WARN_UNUSED_VARIABLE = YES;
				IPHONEOS_DEPLOYMENT_TARGET = 14.0;
				MTL_ENABLE_DEBUG_INFO = NO;
				MTL_FAST_MATH = YES;
				SDKROOT = iphoneos;
				SWIFT_COMPILATION_MODE = wholemodule;
				SWIFT_OPTIMIZATION_LEVEL = "-O";
				VALIDATE_PRODUCT = YES;
			};
			name = Release;
		};
		5C6C4FF52AE1616800233391 /* Debug */ = {
			isa = XCBuildConfiguration;
			buildSettings = {
				ASSETCATALOG_COMPILER_APPICON_NAME = AppIcon;
				ASSETCATALOG_COMPILER_GLOBAL_ACCENT_COLOR_NAME = AccentColor;
				CODE_SIGN_STYLE = Automatic;
				CURRENT_PROJECT_VERSION = 1;
				DEVELOPMENT_ASSET_PATHS = "\"StudyFun_SwiftUI/Preview Content\"";
				DEVELOPMENT_TEAM = 4Z7HNGC242;
				ENABLE_PREVIEWS = YES;
				GENERATE_INFOPLIST_FILE = YES;
				INFOPLIST_KEY_UIApplicationSceneManifest_Generation = YES;
				INFOPLIST_KEY_UIApplicationSupportsIndirectInputEvents = YES;
				INFOPLIST_KEY_UILaunchScreen_Generation = YES;
				INFOPLIST_KEY_UISupportedInterfaceOrientations_iPad = "UIInterfaceOrientationPortrait UIInterfaceOrientationPortraitUpsideDown UIInterfaceOrientationLandscapeLeft UIInterfaceOrientationLandscapeRight";
				INFOPLIST_KEY_UISupportedInterfaceOrientations_iPhone = "UIInterfaceOrientationPortrait UIInterfaceOrientationLandscapeLeft UIInterfaceOrientationLandscapeRight";
				LD_RUNPATH_SEARCH_PATHS = (
					"$(inherited)",
					"@executable_path/Frameworks",
				);
				MARKETING_VERSION = 1.0;
				PRODUCT_BUNDLE_IDENTIFIER = "com.gaitovrk.StudyFun-SwiftUI";
				PRODUCT_NAME = "$(TARGET_NAME)";
				SWIFT_EMIT_LOC_STRINGS = YES;
				SWIFT_VERSION = 5.0;
				TARGETED_DEVICE_FAMILY = "1,2";
			};
			name = Debug;
		};
		5C6C4FF62AE1616800233391 /* Release */ = {
			isa = XCBuildConfiguration;
			buildSettings = {
				ASSETCATALOG_COMPILER_APPICON_NAME = AppIcon;
				ASSETCATALOG_COMPILER_GLOBAL_ACCENT_COLOR_NAME = AccentColor;
				CODE_SIGN_STYLE = Automatic;
				CURRENT_PROJECT_VERSION = 1;
				DEVELOPMENT_ASSET_PATHS = "\"StudyFun_SwiftUI/Preview Content\"";
				DEVELOPMENT_TEAM = 4Z7HNGC242;
				ENABLE_PREVIEWS = YES;
				GENERATE_INFOPLIST_FILE = YES;
				INFOPLIST_KEY_UIApplicationSceneManifest_Generation = YES;
				INFOPLIST_KEY_UIApplicationSupportsIndirectInputEvents = YES;
				INFOPLIST_KEY_UILaunchScreen_Generation = YES;
				INFOPLIST_KEY_UISupportedInterfaceOrientations_iPad = "UIInterfaceOrientationPortrait UIInterfaceOrientationPortraitUpsideDown UIInterfaceOrientationLandscapeLeft UIInterfaceOrientationLandscapeRight";
				INFOPLIST_KEY_UISupportedInterfaceOrientations_iPhone = "UIInterfaceOrientationPortrait UIInterfaceOrientationLandscapeLeft UIInterfaceOrientationLandscapeRight";
				LD_RUNPATH_SEARCH_PATHS = (
					"$(inherited)",
					"@executable_path/Frameworks",
				);
				MARKETING_VERSION = 1.0;
				PRODUCT_BUNDLE_IDENTIFIER = "com.gaitovrk.StudyFun-SwiftUI";
				PRODUCT_NAME = "$(TARGET_NAME)";
				SWIFT_EMIT_LOC_STRINGS = YES;
				SWIFT_VERSION = 5.0;
				TARGETED_DEVICE_FAMILY = "1,2";
			};
			name = Release;
		};
/* End XCBuildConfiguration section */

/* Begin XCConfigurationList section */
		5C6C4FE12AE1616700233391 /* Build configuration list for PBXProject "StudyFun_SwiftUI" */ = {
			isa = XCConfigurationList;
			buildConfigurations = (
				5C6C4FF22AE1616800233391 /* Debug */,
				5C6C4FF32AE1616800233391 /* Release */,
			);
			defaultConfigurationIsVisible = 0;
			defaultConfigurationName = Release;
		};
		5C6C4FF42AE1616800233391 /* Build configuration list for PBXNativeTarget "StudyFun_SwiftUI" */ = {
			isa = XCConfigurationList;
			buildConfigurations = (
				5C6C4FF52AE1616800233391 /* Debug */,
				5C6C4FF62AE1616800233391 /* Release */,
			);
			defaultConfigurationIsVisible = 0;
			defaultConfigurationName = Release;
		};
/* End XCConfigurationList section */
	};
	rootObject = 5C6C4FDE2AE1616700233391 /* Project object */;
}
